
Microsoft Visual Studio Solution File, Format Version 12.00
# Visual Studio 15
VisualStudioVersion = 15.0.27703.2018
MinimumVisualStudioVersion = 10.0.40219.1
Project("{FAE04EC0-301F-11D3-BF4B-00C04F79EFBC}") = "AnimooBot", "AnimooBot\AnimooBot.csproj", "{95F13C3E-AD74-4CAD-9D49-6F6799727405}"
EndProject
Global
	GlobalSection(SolutionConfigurationPlatforms) = preSolution
		Debug|Any CPU = Debug|Any CPU
		Release|Any CPU = Release|Any CPU
	EndGlobalSection
	GlobalSection(ProjectConfigurationPlatforms) = postSolution
		{95F13C3E-AD74-4CAD-9D49-6F6799727405}.Debug|Any CPU.ActiveCfg = Debug|Any CPU
		{95F13C3E-AD74-4CAD-9D49-6F6799727405}.Debug|Any CPU.Build.0 = Debug|Any CPU
		{95F13C3E-AD74-4CAD-9D49-6F6799727405}.Release|Any CPU.ActiveCfg = Release|Any CPU
		{95F13C3E-AD74-4CAD-9D49-6F6799727405}.Release|Any CPU.Build.0 = Release|Any CPU
	EndGlobalSection
	GlobalSection(SolutionProperties) = preSolution
		HideSolutionNode = FALSE
	EndGlobalSection
	GlobalSection(ExtensibilityGlobals) = postSolution
		SolutionGuid = {CDFCB7D9-48A5-4113-BC6F-D4128403F2AB}
	EndGlobalSection
EndGlobal
